
Microsoft Visual Studio Solution File, Format Version 12.00
# Visual Studio 15
VisualStudioVersion = 15.0.28307.572
MinimumVisualStudioVersion = 10.0.40219.1
Project("{FAE04EC0-301F-11D3-BF4B-00C04F79EFBC}") = "upload2gdc", "upload2gdc\upload2gdc.csproj", "{8BA8AA92-5C18-4029-B52B-485530621F7A}"
EndProject
Global
	GlobalSection(SolutionConfigurationPlatforms) = preSolution
		Debug|Any CPU = Debug|Any CPU
		Release|Any CPU = Release|Any CPU
	EndGlobalSection
	GlobalSection(ProjectConfigurationPlatforms) = postSolution
		{8BA8AA92-5C18-4029-B52B-485530621F7A}.Debug|Any CPU.ActiveCfg = Debug|Any CPU
		{8BA8AA92-5C18-4029-B52B-485530621F7A}.Debug|Any CPU.Build.0 = Debug|Any CPU
		{8BA8AA92-5C18-4029-B52B-485530621F7A}.Release|Any CPU.ActiveCfg = Release|Any CPU
		{8BA8AA92-5C18-4029-B52B-485530621F7A}.Release|Any CPU.Build.0 = Release|Any CPU
	EndGlobalSection
	GlobalSection(SolutionProperties) = preSolution
		HideSolutionNode = FALSE
	EndGlobalSection
	GlobalSection(ExtensibilityGlobals) = postSolution
		SolutionGuid = {93F07A77-6176-44C9-88C1-457BBDF86CEB}
	EndGlobalSection
EndGlobal
